// !$*UTF8*$!
{
	archiveVersion = 1;
	classes = {
	};
	objectVersion = 46;
	objects = {

/* Begin PBXBuildFile section */
		84876A70181D6DF5006021C6 /* MapItem.m in Sources */ = {isa = PBXBuildFile; fileRef = 84876A6F181D6DF5006021C6 /* MapItem.m */; };
		84876A73181D9A87006021C6 /* PAGasDetailController.m in Sources */ = {isa = PBXBuildFile; fileRef = 84876A72181D9A87006021C6 /* PAGasDetailController.m */; };
		84876A76181EBA5C006021C6 /* PAATMFindController.m in Sources */ = {isa = PBXBuildFile; fileRef = 84876A75181EBA5C006021C6 /* PAATMFindController.m */; };
		848F46971826AD31009F0A2D /* ico_gas_ok.png in Resources */ = {isa = PBXBuildFile; fileRef = 848F46951826AD31009F0A2D /* ico_gas_ok.png */; };
		848F46991826AD9A009F0A2D /* ico_gas_bad.png in Resources */ = {isa = PBXBuildFile; fileRef = 848F46981826AD9A009F0A2D /* ico_gas_bad.png */; };
		848F469E1826BCA9009F0A2D /* ico_pin_green.png in Resources */ = {isa = PBXBuildFile; fileRef = 848F469C1826BCA9009F0A2D /* ico_pin_green.png */; };
		848F469F1826BCA9009F0A2D /* ico_pin_red.png in Resources */ = {isa = PBXBuildFile; fileRef = 848F469D1826BCA9009F0A2D /* ico_pin_red.png */; };
		8490778D1820104C0077ED27 /* PABaseMapController.m in Sources */ = {isa = PBXBuildFile; fileRef = 8490778C1820104C0077ED27 /* PABaseMapController.m */; };
		84979FE5181AD978007F4738 /* ico_card.png in Resources */ = {isa = PBXBuildFile; fileRef = 84979FE2181AD978007F4738 /* ico_card.png */; };
		84979FE6181AD978007F4738 /* ico_card.png in Resources */ = {isa = PBXBuildFile; fileRef = 84979FE2181AD978007F4738 /* ico_card.png */; };
		84979FE8181ADA21007F4738 /* ico_gas.png in Resources */ = {isa = PBXBuildFile; fileRef = 84979FE7181ADA21007F4738 /* ico_gas.png */; };
		84979FE9181ADA21007F4738 /* ico_gas.png in Resources */ = {isa = PBXBuildFile; fileRef = 84979FE7181ADA21007F4738 /* ico_gas.png */; };
		84979FEC181ADA81007F4738 /* PAGasFindController.m in Sources */ = {isa = PBXBuildFile; fileRef = 84979FEB181ADA81007F4738 /* PAGasFindController.m */; };
		84979FED181ADA81007F4738 /* PAGasFindController.m in Sources */ = {isa = PBXBuildFile; fileRef = 84979FEB181ADA81007F4738 /* PAGasFindController.m */; };
		84979FEF181ADB3F007F4738 /* MapKit.framework in Frameworks */ = {isa = PBXBuildFile; fileRef = 84979FEE181ADB3F007F4738 /* MapKit.framework */; };
		84A51DD8181BA03A0068D166 /* PALocationItem.m in Sources */ = {isa = PBXBuildFile; fileRef = 84A51DD7181BA03A0068D166 /* PALocationItem.m */; };
		84A51E57181BBF6E0068D166 /* CHANGELOG.md in Resources */ = {isa = PBXBuildFile; fileRef = 84A51E1F181BBF6E0068D166 /* CHANGELOG.md */; };
		84A51E58181BBF6E0068D166 /* libstackmob-v2.2.0.a in Frameworks */ = {isa = PBXBuildFile; fileRef = 84A51E56181BBF6E0068D166 /* libstackmob-v2.2.0.a */; };
		84A51E5A181BBF980068D166 /* CoreData.framework in Frameworks */ = {isa = PBXBuildFile; fileRef = 84A51E59181BBF980068D166 /* CoreData.framework */; };
		84A51E5C181BBF9E0068D166 /* SystemConfiguration.framework in Frameworks */ = {isa = PBXBuildFile; fileRef = 84A51E5B181BBF9E0068D166 /* SystemConfiguration.framework */; };
		84A51E5E181BBFAA0068D166 /* Security.framework in Frameworks */ = {isa = PBXBuildFile; fileRef = 84A51E5D181BBFAA0068D166 /* Security.framework */; };
		84A51E60181BBFB00068D166 /* CoreLocation.framework in Frameworks */ = {isa = PBXBuildFile; fileRef = 84A51E5F181BBFB00068D166 /* CoreLocation.framework */; };
		84A51E62181BC1B10068D166 /* MobileCoreServices.framework in Frameworks */ = {isa = PBXBuildFile; fileRef = 84A51E61181BC1B10068D166 /* MobileCoreServices.framework */; };
		84A51E67181C3BF30068D166 /* BaseReponsitory.m in Sources */ = {isa = PBXBuildFile; fileRef = 84A51E64181C3BF30068D166 /* BaseReponsitory.m */; };
		84A51E68181C3BF30068D166 /* BaseReponsitory.m in Sources */ = {isa = PBXBuildFile; fileRef = 84A51E64181C3BF30068D166 /* BaseReponsitory.m */; };
		84A51E69181C3BF30068D166 /* UnitOfWork.m in Sources */ = {isa = PBXBuildFile; fileRef = 84A51E66181C3BF30068D166 /* UnitOfWork.m */; };
		84A51E6A181C3BF30068D166 /* UnitOfWork.m in Sources */ = {isa = PBXBuildFile; fileRef = 84A51E66181C3BF30068D166 /* UnitOfWork.m */; };
		84A51E6D181C3CBF0068D166 /* PATMData.xcdatamodeld in Sources */ = {isa = PBXBuildFile; fileRef = 84A51E6B181C3CBE0068D166 /* PATMData.xcdatamodeld */; };
		84A51E6E181C3CBF0068D166 /* PATMData.xcdatamodeld in Sources */ = {isa = PBXBuildFile; fileRef = 84A51E6B181C3CBE0068D166 /* PATMData.xcdatamodeld */; };
		84A53943182E3659003E85C1 /* PALocationManager.m in Sources */ = {isa = PBXBuildFile; fileRef = 84A53942182E3659003E85C1 /* PALocationManager.m */; };
		84A53944182E3659003E85C1 /* PALocationManager.m in Sources */ = {isa = PBXBuildFile; fileRef = 84A53942182E3659003E85C1 /* PALocationManager.m */; };
		84BA0CD1181A58DF009899C9 /* Foundation.framework in Frameworks */ = {isa = PBXBuildFile; fileRef = 84BA0CD0181A58DF009899C9 /* Foundation.framework */; };
		84BA0CD3181A58DF009899C9 /* CoreGraphics.framework in Frameworks */ = {isa = PBXBuildFile; fileRef = 84BA0CD2181A58DF009899C9 /* CoreGraphics.framework */; };
		84BA0CD5181A58DF009899C9 /* UIKit.framework in Frameworks */ = {isa = PBXBuildFile; fileRef = 84BA0CD4181A58DF009899C9 /* UIKit.framework */; };
		84BA0CDB181A58DF009899C9 /* InfoPlist.strings in Resources */ = {isa = PBXBuildFile; fileRef = 84BA0CD9181A58DF009899C9 /* InfoPlist.strings */; };
		84BA0CDD181A58DF009899C9 /* main.m in Sources */ = {isa = PBXBuildFile; fileRef = 84BA0CDC181A58DF009899C9 /* main.m */; };
		84BA0CE1181A58DF009899C9 /* PAAppDelegate.m in Sources */ = {isa = PBXBuildFile; fileRef = 84BA0CE0181A58DF009899C9 /* PAAppDelegate.m */; };
		84BA0CE4181A58DF009899C9 /* Main.storyboard in Resources */ = {isa = PBXBuildFile; fileRef = 84BA0CE2181A58DF009899C9 /* Main.storyboard */; };
		84BA0CE9181A58DF009899C9 /* Images.xcassets in Resources */ = {isa = PBXBuildFile; fileRef = 84BA0CE8181A58DF009899C9 /* Images.xcassets */; };
		84BA0CF0181A58DF009899C9 /* XCTest.framework in Frameworks */ = {isa = PBXBuildFile; fileRef = 84BA0CEF181A58DF009899C9 /* XCTest.framework */; };
		84BA0CF1181A58DF009899C9 /* Foundation.framework in Frameworks */ = {isa = PBXBuildFile; fileRef = 84BA0CD0181A58DF009899C9 /* Foundation.framework */; };
		84BA0CF2181A58DF009899C9 /* UIKit.framework in Frameworks */ = {isa = PBXBuildFile; fileRef = 84BA0CD4181A58DF009899C9 /* UIKit.framework */; };
		84BA0CFA181A58DF009899C9 /* InfoPlist.strings in Resources */ = {isa = PBXBuildFile; fileRef = 84BA0CF8181A58DF009899C9 /* InfoPlist.strings */; };
		84BA0CFC181A58DF009899C9 /* PATMAppTests.m in Sources */ = {isa = PBXBuildFile; fileRef = 84BA0CFB181A58DF009899C9 /* PATMAppTests.m */; };
/* End PBXBuildFile section */

/* Begin PBXContainerItemProxy section */
		84BA0CF3181A58DF009899C9 /* PBXContainerItemProxy */ = {
			isa = PBXContainerItemProxy;
			containerPortal = 84BA0CC5181A58DF009899C9 /* Project object */;
			proxyType = 1;
			remoteGlobalIDString = 84BA0CCC181A58DF009899C9;
			remoteInfo = PATMApp;
		};
/* End PBXContainerItemProxy section */

/* Begin PBXFileReference section */
		84876A6E181D6DF5006021C6 /* MapItem.h */ = {isa = PBXFileReference; fileEncoding = 4; lastKnownFileType = sourcecode.c.h; path = MapItem.h; sourceTree = "<group>"; };
		84876A6F181D6DF5006021C6 /* MapItem.m */ = {isa = PBXFileReference; fileEncoding = 4; lastKnownFileType = sourcecode.c.objc; path = MapItem.m; sourceTree = "<group>"; };
		84876A71181D9A87006021C6 /* PAGasDetailController.h */ = {isa = PBXFileReference; fileEncoding = 4; lastKnownFileType = sourcecode.c.h; path = PAGasDetailController.h; sourceTree = "<group>"; };
		84876A72181D9A87006021C6 /* PAGasDetailController.m */ = {isa = PBXFileReference; fileEncoding = 4; lastKnownFileType = sourcecode.c.objc; path = PAGasDetailController.m; sourceTree = "<group>"; };
		84876A74181EBA5C006021C6 /* PAATMFindController.h */ = {isa = PBXFileReference; fileEncoding = 4; lastKnownFileType = sourcecode.c.h; path = PAATMFindController.h; sourceTree = "<group>"; };
		84876A75181EBA5C006021C6 /* PAATMFindController.m */ = {isa = PBXFileReference; fileEncoding = 4; lastKnownFileType = sourcecode.c.objc; path = PAATMFindController.m; sourceTree = "<group>"; };
		848F46951826AD31009F0A2D /* ico_gas_ok.png */ = {isa = PBXFileReference; lastKnownFileType = image.png; path = ico_gas_ok.png; sourceTree = "<group>"; };
		848F46981826AD9A009F0A2D /* ico_gas_bad.png */ = {isa = PBXFileReference; lastKnownFileType = image.png; path = ico_gas_bad.png; sourceTree = "<group>"; };
		848F469C1826BCA9009F0A2D /* ico_pin_green.png */ = {isa = PBXFileReference; lastKnownFileType = image.png; path = ico_pin_green.png; sourceTree = "<group>"; };
		848F469D1826BCA9009F0A2D /* ico_pin_red.png */ = {isa = PBXFileReference; lastKnownFileType = image.png; path = ico_pin_red.png; sourceTree = "<group>"; };
		8490778B1820104C0077ED27 /* PABaseMapController.h */ = {isa = PBXFileReference; fileEncoding = 4; lastKnownFileType = sourcecode.c.h; path = PABaseMapController.h; sourceTree = "<group>"; };
		8490778C1820104C0077ED27 /* PABaseMapController.m */ = {isa = PBXFileReference; fileEncoding = 4; lastKnownFileType = sourcecode.c.objc; path = PABaseMapController.m; sourceTree = "<group>"; };
		84979FE2181AD978007F4738 /* ico_card.png */ = {isa = PBXFileReference; lastKnownFileType = image.png; path = ico_card.png; sourceTree = "<group>"; };
		84979FE7181ADA21007F4738 /* ico_gas.png */ = {isa = PBXFileReference; lastKnownFileType = image.png; path = ico_gas.png; sourceTree = "<group>"; };
		84979FEA181ADA81007F4738 /* PAGasFindController.h */ = {isa = PBXFileReference; fileEncoding = 4; lastKnownFileType = sourcecode.c.h; path = PAGasFindController.h; sourceTree = "<group>"; };
		84979FEB181ADA81007F4738 /* PAGasFindController.m */ = {isa = PBXFileReference; fileEncoding = 4; lastKnownFileType = sourcecode.c.objc; path = PAGasFindController.m; sourceTree = "<group>"; };
		84979FEE181ADB3F007F4738 /* MapKit.framework */ = {isa = PBXFileReference; lastKnownFileType = wrapper.framework; name = MapKit.framework; path = System/Library/Frameworks/MapKit.framework; sourceTree = SDKROOT; };
		84A51DD6181BA03A0068D166 /* PALocationItem.h */ = {isa = PBXFileReference; fileEncoding = 4; lastKnownFileType = sourcecode.c.h; path = PALocationItem.h; sourceTree = "<group>"; };
		84A51DD7181BA03A0068D166 /* PALocationItem.m */ = {isa = PBXFileReference; fileEncoding = 4; lastKnownFileType = sourcecode.c.objc; path = PALocationItem.m; sourceTree = "<group>"; };
		84A51E1F181BBF6E0068D166 /* CHANGELOG.md */ = {isa = PBXFileReference; fileEncoding = 4; lastKnownFileType = text; path = CHANGELOG.md; sourceTree = "<group>"; };
		84A51E21181BBF6E0068D166 /* AFHTTPClient+StackMob.h */ = {isa = PBXFileReference; fileEncoding = 4; lastKnownFileType = sourcecode.c.h; path = "AFHTTPClient+StackMob.h"; sourceTree = "<group>"; };
		84A51E22181BBF6E0068D166 /* AFHTTPRequestOperation+RemoveContentType.h */ = {isa = PBXFileReference; fileEncoding = 4; lastKnownFileType = sourcecode.c.h; path = "AFHTTPRequestOperation+RemoveContentType.h"; sourceTree = "<group>"; };
		84A51E24181BBF6E0068D166 /* AFHTTPClient.h */ = {isa = PBXFileReference; fileEncoding = 4; lastKnownFileType = sourcecode.c.h; path = AFHTTPClient.h; sourceTree = "<group>"; };
		84A51E25181BBF6E0068D166 /* AFHTTPRequestOperation.h */ = {isa = PBXFileReference; fileEncoding = 4; lastKnownFileType = sourcecode.c.h; path = AFHTTPRequestOperation.h; sourceTree = "<group>"; };
		84A51E26181BBF6E0068D166 /* AFImageRequestOperation.h */ = {isa = PBXFileReference; fileEncoding = 4; lastKnownFileType = sourcecode.c.h; path = AFImageRequestOperation.h; sourceTree = "<group>"; };
		84A51E27181BBF6E0068D166 /* AFJSONRequestOperation.h */ = {isa = PBXFileReference; fileEncoding = 4; lastKnownFileType = sourcecode.c.h; path = AFJSONRequestOperation.h; sourceTree = "<group>"; };
		84A51E28181BBF6E0068D166 /* AFNetworkActivityIndicatorManager.h */ = {isa = PBXFileReference; fileEncoding = 4; lastKnownFileType = sourcecode.c.h; path = AFNetworkActivityIndicatorManager.h; sourceTree = "<group>"; };
		84A51E29181BBF6E0068D166 /* AFNetworking.h */ = {isa = PBXFileReference; fileEncoding = 4; lastKnownFileType = sourcecode.c.h; path = AFNetworking.h; sourceTree = "<group>"; };
		84A51E2A181BBF6E0068D166 /* AFPropertyListRequestOperation.h */ = {isa = PBXFileReference; fileEncoding = 4; lastKnownFileType = sourcecode.c.h; path = AFPropertyListRequestOperation.h; sourceTree = "<group>"; };
		84A51E2B181BBF6E0068D166 /* AFURLConnectionOperation.h */ = {isa = PBXFileReference; fileEncoding = 4; lastKnownFileType = sourcecode.c.h; path = AFURLConnectionOperation.h; sourceTree = "<group>"; };
		84A51E2C181BBF6E0068D166 /* AFXMLRequestOperation.h */ = {isa = PBXFileReference; fileEncoding = 4; lastKnownFileType = sourcecode.c.h; path = AFXMLRequestOperation.h; sourceTree = "<group>"; };
		84A51E2D181BBF6E0068D166 /* UIImageView+AFNetworking.h */ = {isa = PBXFileReference; fileEncoding = 4; lastKnownFileType = sourcecode.c.h; path = "UIImageView+AFNetworking.h"; sourceTree = "<group>"; };
		84A51E2E181BBF6E0068D166 /* Base64EncodedStringFromData.h */ = {isa = PBXFileReference; fileEncoding = 4; lastKnownFileType = sourcecode.c.h; path = Base64EncodedStringFromData.h; sourceTree = "<group>"; };
		84A51E2F181BBF6E0068D166 /* Common.h */ = {isa = PBXFileReference; fileEncoding = 4; lastKnownFileType = sourcecode.c.h; path = Common.h; sourceTree = "<group>"; };
		84A51E30181BBF6E0068D166 /* FileManagement.h */ = {isa = PBXFileReference; fileEncoding = 4; lastKnownFileType = sourcecode.c.h; path = FileManagement.h; sourceTree = "<group>"; };
		84A51E31181BBF6E0068D166 /* KeychainWrapper.h */ = {isa = PBXFileReference; fileEncoding = 4; lastKnownFileType = sourcecode.c.h; path = KeychainWrapper.h; sourceTree = "<group>"; };
		84A51E32181BBF6E0068D166 /* NSArray+Enumerable.h */ = {isa = PBXFileReference; fileEncoding = 4; lastKnownFileType = sourcecode.c.h; path = "NSArray+Enumerable.h"; sourceTree = "<group>"; };
		84A51E33181BBF6E0068D166 /* NSDictionary+AtomicCounter.h */ = {isa = PBXFileReference; fileEncoding = 4; lastKnownFileType = sourcecode.c.h; path = "NSDictionary+AtomicCounter.h"; sourceTree = "<group>"; };
		84A51E34181BBF6E0068D166 /* NSEntityDescription+StackMobSerialization.h */ = {isa = PBXFileReference; fileEncoding = 4; lastKnownFileType = sourcecode.c.h; path = "NSEntityDescription+StackMobSerialization.h"; sourceTree = "<group>"; };
		84A51E35181BBF6E0068D166 /* NSManagedObject+StackMobSerialization.h */ = {isa = PBXFileReference; fileEncoding = 4; lastKnownFileType = sourcecode.c.h; path = "NSManagedObject+StackMobSerialization.h"; sourceTree = "<group>"; };
		84A51E36181BBF6E0068D166 /* NSManagedObjectContext+Concurrency.h */ = {isa = PBXFileReference; fileEncoding = 4; lastKnownFileType = sourcecode.c.h; path = "NSManagedObjectContext+Concurrency.h"; sourceTree = "<group>"; };
		84A51E37181BBF6E0068D166 /* SMBinaryDataConversion.h */ = {isa = PBXFileReference; fileEncoding = 4; lastKnownFileType = sourcecode.c.h; path = SMBinaryDataConversion.h; sourceTree = "<group>"; };
		84A51E38181BBF6E0068D166 /* SMClient.h */ = {isa = PBXFileReference; fileEncoding = 4; lastKnownFileType = sourcecode.c.h; path = SMClient.h; sourceTree = "<group>"; };
		84A51E39181BBF6E0068D166 /* SMCoreDataStore.h */ = {isa = PBXFileReference; fileEncoding = 4; lastKnownFileType = sourcecode.c.h; path = SMCoreDataStore.h; sourceTree = "<group>"; };
		84A51E3A181BBF6E0068D166 /* SMCustomCodeRequest.h */ = {isa = PBXFileReference; fileEncoding = 4; lastKnownFileType = sourcecode.c.h; path = SMCustomCodeRequest.h; sourceTree = "<group>"; };
		84A51E3B181BBF6E0068D166 /* SMDataStore+Protected.h */ = {isa = PBXFileReference; fileEncoding = 4; lastKnownFileType = sourcecode.c.h; path = "SMDataStore+Protected.h"; sourceTree = "<group>"; };
		84A51E3C181BBF6E0068D166 /* SMDataStore.h */ = {isa = PBXFileReference; fileEncoding = 4; lastKnownFileType = sourcecode.c.h; path = SMDataStore.h; sourceTree = "<group>"; };
		84A51E3D181BBF6E0068D166 /* SMError.h */ = {isa = PBXFileReference; fileEncoding = 4; lastKnownFileType = sourcecode.c.h; path = SMError.h; sourceTree = "<group>"; };
		84A51E3E181BBF6E0068D166 /* SMGeoPoint.h */ = {isa = PBXFileReference; fileEncoding = 4; lastKnownFileType = sourcecode.c.h; path = SMGeoPoint.h; sourceTree = "<group>"; };
		84A51E3F181BBF6E0068D166 /* SMHTTPRequestOperation.h */ = {isa = PBXFileReference; fileEncoding = 4; lastKnownFileType = sourcecode.c.h; path = SMHTTPRequestOperation.h; sourceTree = "<group>"; };
		84A51E40181BBF6E0068D166 /* SMIncrementalStore+Query.h */ = {isa = PBXFileReference; fileEncoding = 4; lastKnownFileType = sourcecode.c.h; path = "SMIncrementalStore+Query.h"; sourceTree = "<group>"; };
		84A51E41181BBF6E0068D166 /* SMIncrementalStore.h */ = {isa = PBXFileReference; fileEncoding = 4; lastKnownFileType = sourcecode.c.h; path = SMIncrementalStore.h; sourceTree = "<group>"; };
		84A51E42181BBF6E0068D166 /* SMIncrementalStoreNode.h */ = {isa = PBXFileReference; fileEncoding = 4; lastKnownFileType = sourcecode.c.h; path = SMIncrementalStoreNode.h; sourceTree = "<group>"; };
		84A51E43181BBF6E0068D166 /* SMJSONRequestOperation.h */ = {isa = PBXFileReference; fileEncoding = 4; lastKnownFileType = sourcecode.c.h; path = SMJSONRequestOperation.h; sourceTree = "<group>"; };
		84A51E44181BBF6E0068D166 /* SMLocationManager.h */ = {isa = PBXFileReference; fileEncoding = 4; lastKnownFileType = sourcecode.c.h; path = SMLocationManager.h; sourceTree = "<group>"; };
		84A51E45181BBF6E0068D166 /* SMNetworkReachability.h */ = {isa = PBXFileReference; fileEncoding = 4; lastKnownFileType = sourcecode.c.h; path = SMNetworkReachability.h; sourceTree = "<group>"; };
		84A51E46181BBF6E0068D166 /* SMOAuth1Client.h */ = {isa = PBXFileReference; fileEncoding = 4; lastKnownFileType = sourcecode.c.h; path = SMOAuth1Client.h; sourceTree = "<group>"; };
		84A51E47181BBF6E0068D166 /* SMOAuth2Client.h */ = {isa = PBXFileReference; fileEncoding = 4; lastKnownFileType = sourcecode.c.h; path = SMOAuth2Client.h; sourceTree = "<group>"; };
		84A51E48181BBF6E0068D166 /* SMPredicate.h */ = {isa = PBXFileReference; fileEncoding = 4; lastKnownFileType = sourcecode.c.h; path = SMPredicate.h; sourceTree = "<group>"; };
		84A51E49181BBF6E0068D166 /* SMPushClient.h */ = {isa = PBXFileReference; fileEncoding = 4; lastKnownFileType = sourcecode.c.h; path = SMPushClient.h; sourceTree = "<group>"; };
		84A51E4A181BBF6E0068D166 /* SMPushToken.h */ = {isa = PBXFileReference; fileEncoding = 4; lastKnownFileType = sourcecode.c.h; path = SMPushToken.h; sourceTree = "<group>"; };
		84A51E4B181BBF6E0068D166 /* SMQuery.h */ = {isa = PBXFileReference; fileEncoding = 4; lastKnownFileType = sourcecode.c.h; path = SMQuery.h; sourceTree = "<group>"; };
		84A51E4C181BBF6E0068D166 /* SMRequestOptions.h */ = {isa = PBXFileReference; fileEncoding = 4; lastKnownFileType = sourcecode.c.h; path = SMRequestOptions.h; sourceTree = "<group>"; };
		84A51E4D181BBF6E0068D166 /* SMResponseBlocks.h */ = {isa = PBXFileReference; fileEncoding = 4; lastKnownFileType = sourcecode.c.h; path = SMResponseBlocks.h; sourceTree = "<group>"; };
		84A51E4E181BBF6E0068D166 /* SMSyncedObject.h */ = {isa = PBXFileReference; fileEncoding = 4; lastKnownFileType = sourcecode.c.h; path = SMSyncedObject.h; sourceTree = "<group>"; };
		84A51E4F181BBF6E0068D166 /* SMUserManagedObject.h */ = {isa = PBXFileReference; fileEncoding = 4; lastKnownFileType = sourcecode.c.h; path = SMUserManagedObject.h; sourceTree = "<group>"; };
		84A51E50181BBF6E0068D166 /* SMUserSession.h */ = {isa = PBXFileReference; fileEncoding = 4; lastKnownFileType = sourcecode.c.h; path = SMUserSession.h; sourceTree = "<group>"; };
		84A51E51181BBF6E0068D166 /* SMVersion.h */ = {isa = PBXFileReference; fileEncoding = 4; lastKnownFileType = sourcecode.c.h; path = SMVersion.h; sourceTree = "<group>"; };
		84A51E52181BBF6E0068D166 /* StackMob.h */ = {isa = PBXFileReference; fileEncoding = 4; lastKnownFileType = sourcecode.c.h; path = StackMob.h; sourceTree = "<group>"; };
		84A51E53181BBF6E0068D166 /* StackMobPush.h */ = {isa = PBXFileReference; fileEncoding = 4; lastKnownFileType = sourcecode.c.h; path = StackMobPush.h; sourceTree = "<group>"; };
		84A51E54181BBF6E0068D166 /* Synchronization.h */ = {isa = PBXFileReference; fileEncoding = 4; lastKnownFileType = sourcecode.c.h; path = Synchronization.h; sourceTree = "<group>"; };
		84A51E55181BBF6E0068D166 /* SystemInformation.h */ = {isa = PBXFileReference; fileEncoding = 4; lastKnownFileType = sourcecode.c.h; path = SystemInformation.h; sourceTree = "<group>"; };
		84A51E56181BBF6E0068D166 /* libstackmob-v2.2.0.a */ = {isa = PBXFileReference; lastKnownFileType = archive.ar; path = "libstackmob-v2.2.0.a"; sourceTree = "<group>"; };
		84A51E59181BBF980068D166 /* CoreData.framework */ = {isa = PBXFileReference; lastKnownFileType = wrapper.framework; name = CoreData.framework; path = System/Library/Frameworks/CoreData.framework; sourceTree = SDKROOT; };
		84A51E5B181BBF9E0068D166 /* SystemConfiguration.framework */ = {isa = PBXFileReference; lastKnownFileType = wrapper.framework; name = SystemConfiguration.framework; path = System/Library/Frameworks/SystemConfiguration.framework; sourceTree = SDKROOT; };
		84A51E5D181BBFAA0068D166 /* Security.framework */ = {isa = PBXFileReference; lastKnownFileType = wrapper.framework; name = Security.framework; path = System/Library/Frameworks/Security.framework; sourceTree = SDKROOT; };
		84A51E5F181BBFB00068D166 /* CoreLocation.framework */ = {isa = PBXFileReference; lastKnownFileType = wrapper.framework; name = CoreLocation.framework; path = System/Library/Frameworks/CoreLocation.framework; sourceTree = SDKROOT; };
		84A51E61181BC1B10068D166 /* MobileCoreServices.framework */ = {isa = PBXFileReference; lastKnownFileType = wrapper.framework; name = MobileCoreServices.framework; path = System/Library/Frameworks/MobileCoreServices.framework; sourceTree = SDKROOT; };
		84A51E63181C3BF30068D166 /* BaseReponsitory.h */ = {isa = PBXFileReference; fileEncoding = 4; lastKnownFileType = sourcecode.c.h; path = BaseReponsitory.h; sourceTree = "<group>"; };
		84A51E64181C3BF30068D166 /* BaseReponsitory.m */ = {isa = PBXFileReference; fileEncoding = 4; lastKnownFileType = sourcecode.c.objc; path = BaseReponsitory.m; sourceTree = "<group>"; };
		84A51E65181C3BF30068D166 /* UnitOfWork.h */ = {isa = PBXFileReference; fileEncoding = 4; lastKnownFileType = sourcecode.c.h; path = UnitOfWork.h; sourceTree = "<group>"; };
		84A51E66181C3BF30068D166 /* UnitOfWork.m */ = {isa = PBXFileReference; fileEncoding = 4; lastKnownFileType = sourcecode.c.objc; path = UnitOfWork.m; sourceTree = "<group>"; };
		84A51E6C181C3CBF0068D166 /* PATMData.xcdatamodel */ = {isa = PBXFileReference; lastKnownFileType = wrapper.xcdatamodel; path = PATMData.xcdatamodel; sourceTree = "<group>"; };
		84A53941182E3659003E85C1 /* PALocationManager.h */ = {isa = PBXFileReference; fileEncoding = 4; lastKnownFileType = sourcecode.c.h; path = PALocationManager.h; sourceTree = "<group>"; };
		84A53942182E3659003E85C1 /* PALocationManager.m */ = {isa = PBXFileReference; fileEncoding = 4; lastKnownFileType = sourcecode.c.objc; path = PALocationManager.m; sourceTree = "<group>"; };
		84BA0CCD181A58DF009899C9 /* PATMApp.app */ = {isa = PBXFileReference; explicitFileType = wrapper.application; includeInIndex = 0; path = PATMApp.app; sourceTree = BUILT_PRODUCTS_DIR; };
		84BA0CD0181A58DF009899C9 /* Foundation.framework */ = {isa = PBXFileReference; lastKnownFileType = wrapper.framework; name = Foundation.framework; path = System/Library/Frameworks/Foundation.framework; sourceTree = SDKROOT; };
		84BA0CD2181A58DF009899C9 /* CoreGraphics.framework */ = {isa = PBXFileReference; lastKnownFileType = wrapper.framework; name = CoreGraphics.framework; path = System/Library/Frameworks/CoreGraphics.framework; sourceTree = SDKROOT; };
		84BA0CD4181A58DF009899C9 /* UIKit.framework */ = {isa = PBXFileReference; lastKnownFileType = wrapper.framework; name = UIKit.framework; path = System/Library/Frameworks/UIKit.framework; sourceTree = SDKROOT; };
		84BA0CD8181A58DF009899C9 /* PATMApp-Info.plist */ = {isa = PBXFileReference; lastKnownFileType = text.plist.xml; path = "PATMApp-Info.plist"; sourceTree = "<group>"; };
		84BA0CDA181A58DF009899C9 /* en */ = {isa = PBXFileReference; lastKnownFileType = text.plist.strings; name = en; path = en.lproj/InfoPlist.strings; sourceTree = "<group>"; };
		84BA0CDC181A58DF009899C9 /* main.m */ = {isa = PBXFileReference; lastKnownFileType = sourcecode.c.objc; path = main.m; sourceTree = "<group>"; };
		84BA0CDE181A58DF009899C9 /* PATMApp-Prefix.pch */ = {isa = PBXFileReference; lastKnownFileType = sourcecode.c.h; path = "PATMApp-Prefix.pch"; sourceTree = "<group>"; };
		84BA0CDF181A58DF009899C9 /* PAAppDelegate.h */ = {isa = PBXFileReference; lastKnownFileType = sourcecode.c.h; path = PAAppDelegate.h; sourceTree = "<group>"; };
		84BA0CE0181A58DF009899C9 /* PAAppDelegate.m */ = {isa = PBXFileReference; lastKnownFileType = sourcecode.c.objc; path = PAAppDelegate.m; sourceTree = "<group>"; };
		84BA0CE3181A58DF009899C9 /* Base */ = {isa = PBXFileReference; lastKnownFileType = file.storyboard; name = Base; path = Base.lproj/Main.storyboard; sourceTree = "<group>"; };
		84BA0CE8181A58DF009899C9 /* Images.xcassets */ = {isa = PBXFileReference; lastKnownFileType = folder.assetcatalog; path = Images.xcassets; sourceTree = "<group>"; };
		84BA0CEE181A58DF009899C9 /* PATMAppTests.xctest */ = {isa = PBXFileReference; explicitFileType = wrapper.cfbundle; includeInIndex = 0; path = PATMAppTests.xctest; sourceTree = BUILT_PRODUCTS_DIR; };
		84BA0CEF181A58DF009899C9 /* XCTest.framework */ = {isa = PBXFileReference; lastKnownFileType = wrapper.framework; name = XCTest.framework; path = Library/Frameworks/XCTest.framework; sourceTree = DEVELOPER_DIR; };
		84BA0CF7181A58DF009899C9 /* PATMAppTests-Info.plist */ = {isa = PBXFileReference; lastKnownFileType = text.plist.xml; path = "PATMAppTests-Info.plist"; sourceTree = "<group>"; };
		84BA0CF9181A58DF009899C9 /* en */ = {isa = PBXFileReference; lastKnownFileType = text.plist.strings; name = en; path = en.lproj/InfoPlist.strings; sourceTree = "<group>"; };
		84BA0CFB181A58DF009899C9 /* PATMAppTests.m */ = {isa = PBXFileReference; lastKnownFileType = sourcecode.c.objc; path = PATMAppTests.m; sourceTree = "<group>"; };
/* End PBXFileReference section */

/* Begin PBXFrameworksBuildPhase section */
		84BA0CCA181A58DF009899C9 /* Frameworks */ = {
			isa = PBXFrameworksBuildPhase;
			buildActionMask = 2147483647;
			files = (
				84A51E62181BC1B10068D166 /* MobileCoreServices.framework in Frameworks */,
				84A51E60181BBFB00068D166 /* CoreLocation.framework in Frameworks */,
				84A51E5E181BBFAA0068D166 /* Security.framework in Frameworks */,
				84A51E5C181BBF9E0068D166 /* SystemConfiguration.framework in Frameworks */,
				84A51E5A181BBF980068D166 /* CoreData.framework in Frameworks */,
				84979FEF181ADB3F007F4738 /* MapKit.framework in Frameworks */,
				84A51E58181BBF6E0068D166 /* libstackmob-v2.2.0.a in Frameworks */,
				84BA0CD3181A58DF009899C9 /* CoreGraphics.framework in Frameworks */,
				84BA0CD5181A58DF009899C9 /* UIKit.framework in Frameworks */,
				84BA0CD1181A58DF009899C9 /* Foundation.framework in Frameworks */,
			);
			runOnlyForDeploymentPostprocessing = 0;
		};
		84BA0CEB181A58DF009899C9 /* Frameworks */ = {
			isa = PBXFrameworksBuildPhase;
			buildActionMask = 2147483647;
			files = (
				84BA0CF0181A58DF009899C9 /* XCTest.framework in Frameworks */,
				84BA0CF2181A58DF009899C9 /* UIKit.framework in Frameworks */,
				84BA0CF1181A58DF009899C9 /* Foundation.framework in Frameworks */,
			);
			runOnlyForDeploymentPostprocessing = 0;
		};
/* End PBXFrameworksBuildPhase section */

/* Begin PBXGroup section */
		84979FD9181AD89E007F4738 /* Controllers */ = {
			isa = PBXGroup;
			children = (
				84979FEA181ADA81007F4738 /* PAGasFindController.h */,
				84979FEB181ADA81007F4738 /* PAGasFindController.m */,
				84876A71181D9A87006021C6 /* PAGasDetailController.h */,
				84876A72181D9A87006021C6 /* PAGasDetailController.m */,
				84876A74181EBA5C006021C6 /* PAATMFindController.h */,
				84876A75181EBA5C006021C6 /* PAATMFindController.m */,
				8490778B1820104C0077ED27 /* PABaseMapController.h */,
				8490778C1820104C0077ED27 /* PABaseMapController.m */,
			);
			path = Controllers;
			sourceTree = "<group>";
		};
		84979FDA181AD89E007F4738 /* Models */ = {
			isa = PBXGroup;
			children = (
				84876A6E181D6DF5006021C6 /* MapItem.h */,
				84876A6F181D6DF5006021C6 /* MapItem.m */,
				84A51DD6181BA03A0068D166 /* PALocationItem.h */,
				84A51DD7181BA03A0068D166 /* PALocationItem.m */,
			);
			path = Models;
			sourceTree = "<group>";
		};
		84979FDB181AD89E007F4738 /* Resources */ = {
			isa = PBXGroup;
			children = (
				848F469C1826BCA9009F0A2D /* ico_pin_green.png */,
				848F469D1826BCA9009F0A2D /* ico_pin_red.png */,
				848F46981826AD9A009F0A2D /* ico_gas_bad.png */,
				848F46951826AD31009F0A2D /* ico_gas_ok.png */,
				84979FE7181ADA21007F4738 /* ico_gas.png */,
				84979FE2181AD978007F4738 /* ico_card.png */,
			);
			path = Resources;
			sourceTree = "<group>";
		};
		84979FDC181AD89E007F4738 /* Services */ = {
			isa = PBXGroup;
			children = (
				84A51E63181C3BF30068D166 /* BaseReponsitory.h */,
				84A51E64181C3BF30068D166 /* BaseReponsitory.m */,
				84A51E65181C3BF30068D166 /* UnitOfWork.h */,
				84A51E66181C3BF30068D166 /* UnitOfWork.m */,
				84A53941182E3659003E85C1 /* PALocationManager.h */,
				84A53942182E3659003E85C1 /* PALocationManager.m */,
			);
			path = Services;
			sourceTree = "<group>";
		};
		84A51E1E181BBF6E0068D166 /* StackMob-v2.2.0 */ = {
			isa = PBXGroup;
			children = (
				84A51E1F181BBF6E0068D166 /* CHANGELOG.md */,
				84A51E20181BBF6E0068D166 /* Headers */,
				84A51E56181BBF6E0068D166 /* libstackmob-v2.2.0.a */,
			);
			path = "StackMob-v2.2.0";
			sourceTree = "<group>";
		};
		84A51E20181BBF6E0068D166 /* Headers */ = {
			isa = PBXGroup;
			children = (
				84A51E21181BBF6E0068D166 /* AFHTTPClient+StackMob.h */,
				84A51E22181BBF6E0068D166 /* AFHTTPRequestOperation+RemoveContentType.h */,
				84A51E23181BBF6E0068D166 /* AFNetworking */,
				84A51E2E181BBF6E0068D166 /* Base64EncodedStringFromData.h */,
				84A51E2F181BBF6E0068D166 /* Common.h */,
				84A51E30181BBF6E0068D166 /* FileManagement.h */,
				84A51E31181BBF6E0068D166 /* KeychainWrapper.h */,
				84A51E32181BBF6E0068D166 /* NSArray+Enumerable.h */,
				84A51E33181BBF6E0068D166 /* NSDictionary+AtomicCounter.h */,
				84A51E34181BBF6E0068D166 /* NSEntityDescription+StackMobSerialization.h */,
				84A51E35181BBF6E0068D166 /* NSManagedObject+StackMobSerialization.h */,
				84A51E36181BBF6E0068D166 /* NSManagedObjectContext+Concurrency.h */,
				84A51E37181BBF6E0068D166 /* SMBinaryDataConversion.h */,
				84A51E38181BBF6E0068D166 /* SMClient.h */,
				84A51E39181BBF6E0068D166 /* SMCoreDataStore.h */,
				84A51E3A181BBF6E0068D166 /* SMCustomCodeRequest.h */,
				84A51E3B181BBF6E0068D166 /* SMDataStore+Protected.h */,
				84A51E3C181BBF6E0068D166 /* SMDataStore.h */,
				84A51E3D181BBF6E0068D166 /* SMError.h */,
				84A51E3E181BBF6E0068D166 /* SMGeoPoint.h */,
				84A51E3F181BBF6E0068D166 /* SMHTTPRequestOperation.h */,
				84A51E40181BBF6E0068D166 /* SMIncrementalStore+Query.h */,
				84A51E41181BBF6E0068D166 /* SMIncrementalStore.h */,
				84A51E42181BBF6E0068D166 /* SMIncrementalStoreNode.h */,
				84A51E43181BBF6E0068D166 /* SMJSONRequestOperation.h */,
				84A51E44181BBF6E0068D166 /* SMLocationManager.h */,
				84A51E45181BBF6E0068D166 /* SMNetworkReachability.h */,
				84A51E46181BBF6E0068D166 /* SMOAuth1Client.h */,
				84A51E47181BBF6E0068D166 /* SMOAuth2Client.h */,
				84A51E48181BBF6E0068D166 /* SMPredicate.h */,
				84A51E49181BBF6E0068D166 /* SMPushClient.h */,
				84A51E4A181BBF6E0068D166 /* SMPushToken.h */,
				84A51E4B181BBF6E0068D166 /* SMQuery.h */,
				84A51E4C181BBF6E0068D166 /* SMRequestOptions.h */,
				84A51E4D181BBF6E0068D166 /* SMResponseBlocks.h */,
				84A51E4E181BBF6E0068D166 /* SMSyncedObject.h */,
				84A51E4F181BBF6E0068D166 /* SMUserManagedObject.h */,
				84A51E50181BBF6E0068D166 /* SMUserSession.h */,
				84A51E51181BBF6E0068D166 /* SMVersion.h */,
				84A51E52181BBF6E0068D166 /* StackMob.h */,
				84A51E53181BBF6E0068D166 /* StackMobPush.h */,
				84A51E54181BBF6E0068D166 /* Synchronization.h */,
				84A51E55181BBF6E0068D166 /* SystemInformation.h */,
			);
			path = Headers;
			sourceTree = "<group>";
		};
		84A51E23181BBF6E0068D166 /* AFNetworking */ = {
			isa = PBXGroup;
			children = (
				84A51E24181BBF6E0068D166 /* AFHTTPClient.h */,
				84A51E25181BBF6E0068D166 /* AFHTTPRequestOperation.h */,
				84A51E26181BBF6E0068D166 /* AFImageRequestOperation.h */,
				84A51E27181BBF6E0068D166 /* AFJSONRequestOperation.h */,
				84A51E28181BBF6E0068D166 /* AFNetworkActivityIndicatorManager.h */,
				84A51E29181BBF6E0068D166 /* AFNetworking.h */,
				84A51E2A181BBF6E0068D166 /* AFPropertyListRequestOperation.h */,
				84A51E2B181BBF6E0068D166 /* AFURLConnectionOperation.h */,
				84A51E2C181BBF6E0068D166 /* AFXMLRequestOperation.h */,
				84A51E2D181BBF6E0068D166 /* UIImageView+AFNetworking.h */,
			);
			path = AFNetworking;
			sourceTree = "<group>";
		};
		84BA0CC4181A58DF009899C9 = {
			isa = PBXGroup;
			children = (
				84BA0CD6181A58DF009899C9 /* PATMApp */,
				84BA0CF5181A58DF009899C9 /* PATMAppTests */,
				84BA0CCF181A58DF009899C9 /* Frameworks */,
				84BA0CCE181A58DF009899C9 /* Products */,
			);
			sourceTree = "<group>";
		};
		84BA0CCE181A58DF009899C9 /* Products */ = {
			isa = PBXGroup;
			children = (
				84BA0CCD181A58DF009899C9 /* PATMApp.app */,
				84BA0CEE181A58DF009899C9 /* PATMAppTests.xctest */,
			);
			name = Products;
			sourceTree = "<group>";
		};
		84BA0CCF181A58DF009899C9 /* Frameworks */ = {
			isa = PBXGroup;
			children = (
				84A51E61181BC1B10068D166 /* MobileCoreServices.framework */,
				84A51E5F181BBFB00068D166 /* CoreLocation.framework */,
				84A51E5D181BBFAA0068D166 /* Security.framework */,
				84A51E5B181BBF9E0068D166 /* SystemConfiguration.framework */,
				84A51E59181BBF980068D166 /* CoreData.framework */,
				84979FEE181ADB3F007F4738 /* MapKit.framework */,
				84BA0CD0181A58DF009899C9 /* Foundation.framework */,
				84BA0CD2181A58DF009899C9 /* CoreGraphics.framework */,
				84BA0CD4181A58DF009899C9 /* UIKit.framework */,
				84BA0CEF181A58DF009899C9 /* XCTest.framework */,
			);
			name = Frameworks;
			sourceTree = "<group>";
		};
		84BA0CD6181A58DF009899C9 /* PATMApp */ = {
			isa = PBXGroup;
			children = (
				84A51E1E181BBF6E0068D166 /* StackMob-v2.2.0 */,
				84979FD9181AD89E007F4738 /* Controllers */,
				84979FDA181AD89E007F4738 /* Models */,
				84979FDB181AD89E007F4738 /* Resources */,
				84979FDC181AD89E007F4738 /* Services */,
				84BA0CDF181A58DF009899C9 /* PAAppDelegate.h */,
				84BA0CE0181A58DF009899C9 /* PAAppDelegate.m */,
				84BA0CE2181A58DF009899C9 /* Main.storyboard */,
				84BA0CE8181A58DF009899C9 /* Images.xcassets */,
				84A51E6B181C3CBE0068D166 /* PATMData.xcdatamodeld */,
				84BA0CD7181A58DF009899C9 /* Supporting Files */,
			);
			path = PATMApp;
			sourceTree = "<group>";
		};
		84BA0CD7181A58DF009899C9 /* Supporting Files */ = {
			isa = PBXGroup;
			children = (
				84BA0CD8181A58DF009899C9 /* PATMApp-Info.plist */,
				84BA0CD9181A58DF009899C9 /* InfoPlist.strings */,
				84BA0CDC181A58DF009899C9 /* main.m */,
				84BA0CDE181A58DF009899C9 /* PATMApp-Prefix.pch */,
			);
			name = "Supporting Files";
			sourceTree = "<group>";
		};
		84BA0CF5181A58DF009899C9 /* PATMAppTests */ = {
			isa = PBXGroup;
			children = (
				84BA0CFB181A58DF009899C9 /* PATMAppTests.m */,
				84BA0CF6181A58DF009899C9 /* Supporting Files */,
			);
			path = PATMAppTests;
			sourceTree = "<group>";
		};
		84BA0CF6181A58DF009899C9 /* Supporting Files */ = {
			isa = PBXGroup;
			children = (
				84BA0CF7181A58DF009899C9 /* PATMAppTests-Info.plist */,
				84BA0CF8181A58DF009899C9 /* InfoPlist.strings */,
			);
			name = "Supporting Files";
			sourceTree = "<group>";
		};
/* End PBXGroup section */

/* Begin PBXNativeTarget section */
		84BA0CCC181A58DF009899C9 /* PATMApp */ = {
			isa = PBXNativeTarget;
			buildConfigurationList = 84BA0CFF181A58DF009899C9 /* Build configuration list for PBXNativeTarget "PATMApp" */;
			buildPhases = (
				84BA0CC9181A58DF009899C9 /* Sources */,
				84BA0CCA181A58DF009899C9 /* Frameworks */,
				84BA0CCB181A58DF009899C9 /* Resources */,
			);
			buildRules = (
			);
			dependencies = (
			);
			name = PATMApp;
			productName = PATMApp;
			productReference = 84BA0CCD181A58DF009899C9 /* PATMApp.app */;
			productType = "com.apple.product-type.application";
		};
		84BA0CED181A58DF009899C9 /* PATMAppTests */ = {
			isa = PBXNativeTarget;
			buildConfigurationList = 84BA0D02181A58DF009899C9 /* Build configuration list for PBXNativeTarget "PATMAppTests" */;
			buildPhases = (
				84BA0CEA181A58DF009899C9 /* Sources */,
				84BA0CEB181A58DF009899C9 /* Frameworks */,
				84BA0CEC181A58DF009899C9 /* Resources */,
			);
			buildRules = (
			);
			dependencies = (
				84BA0CF4181A58DF009899C9 /* PBXTargetDependency */,
			);
			name = PATMAppTests;
			productName = PATMAppTests;
			productReference = 84BA0CEE181A58DF009899C9 /* PATMAppTests.xctest */;
			productType = "com.apple.product-type.bundle.unit-test";
		};
/* End PBXNativeTarget section */

/* Begin PBXProject section */
		84BA0CC5181A58DF009899C9 /* Project object */ = {
			isa = PBXProject;
			attributes = {
				CLASSPREFIX = PA;
				LastUpgradeCheck = 0500;
				ORGANIZATIONNAME = "VUHONG Entertainment";
				TargetAttributes = {
					84BA0CED181A58DF009899C9 = {
						TestTargetID = 84BA0CCC181A58DF009899C9;
					};
				};
			};
			buildConfigurationList = 84BA0CC8181A58DF009899C9 /* Build configuration list for PBXProject "PATMApp" */;
			compatibilityVersion = "Xcode 3.2";
			developmentRegion = English;
			hasScannedForEncodings = 0;
			knownRegions = (
				en,
				Base,
			);
			mainGroup = 84BA0CC4181A58DF009899C9;
			productRefGroup = 84BA0CCE181A58DF009899C9 /* Products */;
			projectDirPath = "";
			projectRoot = "";
			targets = (
				84BA0CCC181A58DF009899C9 /* PATMApp */,
				84BA0CED181A58DF009899C9 /* PATMAppTests */,
			);
		};
/* End PBXProject section */

/* Begin PBXResourcesBuildPhase section */
		84BA0CCB181A58DF009899C9 /* Resources */ = {
			isa = PBXResourcesBuildPhase;
			buildActionMask = 2147483647;
			files = (
				84979FE5181AD978007F4738 /* ico_card.png in Resources */,
				84A51E57181BBF6E0068D166 /* CHANGELOG.md in Resources */,
				84BA0CE9181A58DF009899C9 /* Images.xcassets in Resources */,
				848F469F1826BCA9009F0A2D /* ico_pin_red.png in Resources */,
				84BA0CDB181A58DF009899C9 /* InfoPlist.strings in Resources */,
				84BA0CE4181A58DF009899C9 /* Main.storyboard in Resources */,
				848F46991826AD9A009F0A2D /* ico_gas_bad.png in Resources */,
				84979FE8181ADA21007F4738 /* ico_gas.png in Resources */,
				848F469E1826BCA9009F0A2D /* ico_pin_green.png in Resources */,
				848F46971826AD31009F0A2D /* ico_gas_ok.png in Resources */,
			);
			runOnlyForDeploymentPostprocessing = 0;
		};
		84BA0CEC181A58DF009899C9 /* Resources */ = {
			isa = PBXResourcesBuildPhase;
			buildActionMask = 2147483647;
			files = (
				84979FE6181AD978007F4738 /* ico_card.png in Resources */,
				84BA0CFA181A58DF009899C9 /* InfoPlist.strings in Resources */,
				84979FE9181ADA21007F4738 /* ico_gas.png in Resources */,
			);
			runOnlyForDeploymentPostprocessing = 0;
		};
/* End PBXResourcesBuildPhase section */

/* Begin PBXSourcesBuildPhase section */
		84BA0CC9181A58DF009899C9 /* Sources */ = {
			isa = PBXSourcesBuildPhase;
			buildActionMask = 2147483647;
			files = (
				84A51E69181C3BF30068D166 /* UnitOfWork.m in Sources */,
				8490778D1820104C0077ED27 /* PABaseMapController.m in Sources */,
				84876A70181D6DF5006021C6 /* MapItem.m in Sources */,
				84876A76181EBA5C006021C6 /* PAATMFindController.m in Sources */,
				84BA0CDD181A58DF009899C9 /* main.m in Sources */,
				84979FEC181ADA81007F4738 /* PAGasFindController.m in Sources */,
				84A51DD8181BA03A0068D166 /* PALocationItem.m in Sources */,
				84A53943182E3659003E85C1 /* PALocationManager.m in Sources */,
				84BA0CE1181A58DF009899C9 /* PAAppDelegate.m in Sources */,
				84A51E6D181C3CBF0068D166 /* PATMData.xcdatamodeld in Sources */,
				84A51E67181C3BF30068D166 /* BaseReponsitory.m in Sources */,
				84876A73181D9A87006021C6 /* PAGasDetailController.m in Sources */,
			);
			runOnlyForDeploymentPostprocessing = 0;
		};
		84BA0CEA181A58DF009899C9 /* Sources */ = {
			isa = PBXSourcesBuildPhase;
			buildActionMask = 2147483647;
			files = (
				84A53944182E3659003E85C1 /* PALocationManager.m in Sources */,
				84A51E68181C3BF30068D166 /* BaseReponsitory.m in Sources */,
				84A51E6E181C3CBF0068D166 /* PATMData.xcdatamodeld in Sources */,
				84979FED181ADA81007F4738 /* PAGasFindController.m in Sources */,
				84A51E6A181C3BF30068D166 /* UnitOfWork.m in Sources */,
				84BA0CFC181A58DF009899C9 /* PATMAppTests.m in Sources */,
			);
			runOnlyForDeploymentPostprocessing = 0;
		};
/* End PBXSourcesBuildPhase section */

/* Begin PBXTargetDependency section */
		84BA0CF4181A58DF009899C9 /* PBXTargetDependency */ = {
			isa = PBXTargetDependency;
			target = 84BA0CCC181A58DF009899C9 /* PATMApp */;
			targetProxy = 84BA0CF3181A58DF009899C9 /* PBXContainerItemProxy */;
		};
/* End PBXTargetDependency section */

/* Begin PBXVariantGroup section */
		84BA0CD9181A58DF009899C9 /* InfoPlist.strings */ = {
			isa = PBXVariantGroup;
			children = (
				84BA0CDA181A58DF009899C9 /* en */,
			);
			name = InfoPlist.strings;
			sourceTree = "<group>";
		};
		84BA0CE2181A58DF009899C9 /* Main.storyboard */ = {
			isa = PBXVariantGroup;
			children = (
				84BA0CE3181A58DF009899C9 /* Base */,
			);
			name = Main.storyboard;
			sourceTree = "<group>";
		};
		84BA0CF8181A58DF009899C9 /* InfoPlist.strings */ = {
			isa = PBXVariantGroup;
			children = (
				84BA0CF9181A58DF009899C9 /* en */,
			);
			name = InfoPlist.strings;
			sourceTree = "<group>";
		};
/* End PBXVariantGroup section */

/* Begin XCBuildConfiguration section */
		84BA0CFD181A58DF009899C9 /* Debug */ = {
			isa = XCBuildConfiguration;
			buildSettings = {
				ALWAYS_SEARCH_USER_PATHS = NO;
				ARCHS = "$(ARCHS_STANDARD_INCLUDING_64_BIT)";
				CLANG_CXX_LANGUAGE_STANDARD = "gnu++0x";
				CLANG_CXX_LIBRARY = "libc++";
				CLANG_ENABLE_MODULES = YES;
				CLANG_ENABLE_OBJC_ARC = YES;
				CLANG_WARN_BOOL_CONVERSION = YES;
				CLANG_WARN_CONSTANT_CONVERSION = YES;
				CLANG_WARN_DIRECT_OBJC_ISA_USAGE = YES_ERROR;
				CLANG_WARN_EMPTY_BODY = YES;
				CLANG_WARN_ENUM_CONVERSION = YES;
				CLANG_WARN_INT_CONVERSION = YES;
				CLANG_WARN_OBJC_ROOT_CLASS = YES_ERROR;
				CLANG_WARN__DUPLICATE_METHOD_MATCH = YES;
				"CODE_SIGN_IDENTITY[sdk=iphoneos*]" = "iPhone Developer";
				COPY_PHASE_STRIP = NO;
				GCC_C_LANGUAGE_STANDARD = gnu99;
				GCC_DYNAMIC_NO_PIC = NO;
				GCC_OPTIMIZATION_LEVEL = 0;
				GCC_PREPROCESSOR_DEFINITIONS = (
					"DEBUG=1",
					"$(inherited)",
				);
				GCC_SYMBOLS_PRIVATE_EXTERN = NO;
				GCC_WARN_64_TO_32_BIT_CONVERSION = YES;
				GCC_WARN_ABOUT_RETURN_TYPE = YES_ERROR;
				GCC_WARN_UNDECLARED_SELECTOR = YES;
				GCC_WARN_UNINITIALIZED_AUTOS = YES;
				GCC_WARN_UNUSED_FUNCTION = YES;
				GCC_WARN_UNUSED_VARIABLE = YES;
				IPHONEOS_DEPLOYMENT_TARGET = 7.0;
				ONLY_ACTIVE_ARCH = YES;
				SDKROOT = iphoneos;
			};
			name = Debug;
		};
		84BA0CFE181A58DF009899C9 /* Release */ = {
			isa = XCBuildConfiguration;
			buildSettings = {
				ALWAYS_SEARCH_USER_PATHS = NO;
				ARCHS = "$(ARCHS_STANDARD_INCLUDING_64_BIT)";
				CLANG_CXX_LANGUAGE_STANDARD = "gnu++0x";
				CLANG_CXX_LIBRARY = "libc++";
				CLANG_ENABLE_MODULES = YES;
				CLANG_ENABLE_OBJC_ARC = YES;
				CLANG_WARN_BOOL_CONVERSION = YES;
				CLANG_WARN_CONSTANT_CONVERSION = YES;
				CLANG_WARN_DIRECT_OBJC_ISA_USAGE = YES_ERROR;
				CLANG_WARN_EMPTY_BODY = YES;
				CLANG_WARN_ENUM_CONVERSION = YES;
				CLANG_WARN_INT_CONVERSION = YES;
				CLANG_WARN_OBJC_ROOT_CLASS = YES_ERROR;
				CLANG_WARN__DUPLICATE_METHOD_MATCH = YES;
				"CODE_SIGN_IDENTITY[sdk=iphoneos*]" = "iPhone Developer";
				COPY_PHASE_STRIP = YES;
				ENABLE_NS_ASSERTIONS = NO;
				GCC_C_LANGUAGE_STANDARD = gnu99;
				GCC_WARN_64_TO_32_BIT_CONVERSION = YES;
				GCC_WARN_ABOUT_RETURN_TYPE = YES_ERROR;
				GCC_WARN_UNDECLARED_SELECTOR = YES;
				GCC_WARN_UNINITIALIZED_AUTOS = YES;
				GCC_WARN_UNUSED_FUNCTION = YES;
				GCC_WARN_UNUSED_VARIABLE = YES;
				IPHONEOS_DEPLOYMENT_TARGET = 7.0;
				SDKROOT = iphoneos;
				VALIDATE_PRODUCT = YES;
			};
			name = Release;
		};
		84BA0D00181A58DF009899C9 /* Debug */ = {
			isa = XCBuildConfiguration;
			buildSettings = {
				ASSETCATALOG_COMPILER_APPICON_NAME = AppIcon;
				ASSETCATALOG_COMPILER_LAUNCHIMAGE_NAME = LaunchImage;
				GCC_PRECOMPILE_PREFIX_HEADER = YES;
				GCC_PREFIX_HEADER = "PATMApp/PATMApp-Prefix.pch";
				INFOPLIST_FILE = "PATMApp/PATMApp-Info.plist";
				LIBRARY_SEARCH_PATHS = (
					"$(inherited)",
					"/Volumes/DATA/Github/PATMProject/PATMApp/PATMApp/StackMob-v2.2.0",
				);
				OTHER_LDFLAGS = "-ObjC";
				PRODUCT_NAME = "$(TARGET_NAME)";
				WRAPPER_EXTENSION = app;
			};
			name = Debug;
		};
		84BA0D01181A58DF009899C9 /* Release */ = {
			isa = XCBuildConfiguration;
			buildSettings = {
				ASSETCATALOG_COMPILER_APPICON_NAME = AppIcon;
				ASSETCATALOG_COMPILER_LAUNCHIMAGE_NAME = LaunchImage;
				GCC_PRECOMPILE_PREFIX_HEADER = YES;
				GCC_PREFIX_HEADER = "PATMApp/PATMApp-Prefix.pch";
				INFOPLIST_FILE = "PATMApp/PATMApp-Info.plist";
				LIBRARY_SEARCH_PATHS = (
					"$(inherited)",
					"/Volumes/DATA/Github/PATMProject/PATMApp/PATMApp/StackMob-v2.2.0",
				);
				OTHER_LDFLAGS = "-ObjC";
				PRODUCT_NAME = "$(TARGET_NAME)";
				WRAPPER_EXTENSION = app;
			};
			name = Release;
		};
		84BA0D03181A58DF009899C9 /* Debug */ = {
			isa = XCBuildConfiguration;
			buildSettings = {
				ARCHS = "$(ARCHS_STANDARD_INCLUDING_64_BIT)";
				BUNDLE_LOADER = "$(BUILT_PRODUCTS_DIR)/PATMApp.app/PATMApp";
				FRAMEWORK_SEARCH_PATHS = (
					"$(SDKROOT)/Developer/Library/Frameworks",
					"$(inherited)",
					"$(DEVELOPER_FRAMEWORKS_DIR)",
				);
				GCC_PRECOMPILE_PREFIX_HEADER = YES;
				GCC_PREFIX_HEADER = "PATMApp/PATMApp-Prefix.pch";
				GCC_PREPROCESSOR_DEFINITIONS = (
					"DEBUG=1",
					"$(inherited)",
				);
				INFOPLIST_FILE = "PATMAppTests/PATMAppTests-Info.plist";
				PRODUCT_NAME = "$(TARGET_NAME)";
				TEST_HOST = "$(BUNDLE_LOADER)";
				WRAPPER_EXTENSION = xctest;
			};
			name = Debug;
		};
		84BA0D04181A58DF009899C9 /* Release */ = {
			isa = XCBuildConfiguration;
			buildSettings = {
				ARCHS = "$(ARCHS_STANDARD_INCLUDING_64_BIT)";
				BUNDLE_LOADER = "$(BUILT_PRODUCTS_DIR)/PATMApp.app/PATMApp";
				FRAMEWORK_SEARCH_PATHS = (
					"$(SDKROOT)/Developer/Library/Frameworks",
					"$(inherited)",
					"$(DEVELOPER_FRAMEWORKS_DIR)",
				);
				GCC_PRECOMPILE_PREFIX_HEADER = YES;
				GCC_PREFIX_HEADER = "PATMApp/PATMApp-Prefix.pch";
				INFOPLIST_FILE = "PATMAppTests/PATMAppTests-Info.plist";
				PRODUCT_NAME = "$(TARGET_NAME)";
				TEST_HOST = "$(BUNDLE_LOADER)";
				WRAPPER_EXTENSION = xctest;
			};
			name = Release;
		};
/* End XCBuildConfiguration section */

/* Begin XCConfigurationList section */
		84BA0CC8181A58DF009899C9 /* Build configuration list for PBXProject "PATMApp" */ = {
			isa = XCConfigurationList;
			buildConfigurations = (
				84BA0CFD181A58DF009899C9 /* Debug */,
				84BA0CFE181A58DF009899C9 /* Release */,
			);
			defaultConfigurationIsVisible = 0;
			defaultConfigurationName = Release;
		};
		84BA0CFF181A58DF009899C9 /* Build configuration list for PBXNativeTarget "PATMApp" */ = {
			isa = XCConfigurationList;
			buildConfigurations = (
				84BA0D00181A58DF009899C9 /* Debug */,
				84BA0D01181A58DF009899C9 /* Release */,
			);
			defaultConfigurationIsVisible = 0;
			defaultConfigurationName = Release;
		};
		84BA0D02181A58DF009899C9 /* Build configuration list for PBXNativeTarget "PATMAppTests" */ = {
			isa = XCConfigurationList;
			buildConfigurations = (
				84BA0D03181A58DF009899C9 /* Debug */,
				84BA0D04181A58DF009899C9 /* Release */,
			);
			defaultConfigurationIsVisible = 0;
			defaultConfigurationName = Release;
		};
/* End XCConfigurationList section */

/* Begin XCVersionGroup section */
		84A51E6B181C3CBE0068D166 /* PATMData.xcdatamodeld */ = {
			isa = XCVersionGroup;
			children = (
				84A51E6C181C3CBF0068D166 /* PATMData.xcdatamodel */,
			);
			currentVersion = 84A51E6C181C3CBF0068D166 /* PATMData.xcdatamodel */;
			path = PATMData.xcdatamodeld;
			sourceTree = "<group>";
			versionGroupType = wrapper.xcdatamodel;
		};
/* End XCVersionGroup section */
	};
	rootObject = 84BA0CC5181A58DF009899C9 /* Project object */;
}
